
Microsoft Visual Studio Solution File, Format Version 12.00
# Visual Studio 2012
Project("{FAE04EC0-301F-11D3-BF4B-00C04F79EFBC}") = "FEA", "FEA.Assembler\FEA.csproj", "{A6181323-129A-491B-8F9A-AA02E91BA7AC}"
EndProject
Project("{FAE04EC0-301F-11D3-BF4B-00C04F79EFBC}") = "Unit_Tests", "Unit_Tests\Unit_Tests.csproj", "{95247483-2786-4CB4-9A93-DFD98353236D}"
EndProject
Project("{FAE04EC0-301F-11D3-BF4B-00C04F79EFBC}") = "FEA.Physics", "FEA.Physics\FEA.Physics.csproj", "{4474FAEF-FE32-4652-968A-32B59AD29549}"
EndProject
Global
	GlobalSection(SolutionConfigurationPlatforms) = preSolution
		Debug|Any CPU = Debug|Any CPU
		Release|Any CPU = Release|Any CPU
	EndGlobalSection
	GlobalSection(ProjectConfigurationPlatforms) = postSolution
		{A6181323-129A-491B-8F9A-AA02E91BA7AC}.Debug|Any CPU.ActiveCfg = Debug|Any CPU
		{A6181323-129A-491B-8F9A-AA02E91BA7AC}.Debug|Any CPU.Build.0 = Debug|Any CPU
		{A6181323-129A-491B-8F9A-AA02E91BA7AC}.Release|Any CPU.ActiveCfg = Release|Any CPU
		{A6181323-129A-491B-8F9A-AA02E91BA7AC}.Release|Any CPU.Build.0 = Release|Any CPU
		{95247483-2786-4CB4-9A93-DFD98353236D}.Debug|Any CPU.ActiveCfg = Debug|Any CPU
		{95247483-2786-4CB4-9A93-DFD98353236D}.Debug|Any CPU.Build.0 = Debug|Any CPU
		{95247483-2786-4CB4-9A93-DFD98353236D}.Release|Any CPU.ActiveCfg = Release|Any CPU
		{95247483-2786-4CB4-9A93-DFD98353236D}.Release|Any CPU.Build.0 = Release|Any CPU
		{4474FAEF-FE32-4652-968A-32B59AD29549}.Debug|Any CPU.ActiveCfg = Debug|Any CPU
		{4474FAEF-FE32-4652-968A-32B59AD29549}.Debug|Any CPU.Build.0 = Debug|Any CPU
		{4474FAEF-FE32-4652-968A-32B59AD29549}.Release|Any CPU.ActiveCfg = Release|Any CPU
		{4474FAEF-FE32-4652-968A-32B59AD29549}.Release|Any CPU.Build.0 = Release|Any CPU
	EndGlobalSection
	GlobalSection(SolutionProperties) = preSolution
		HideSolutionNode = FALSE
	EndGlobalSection
	GlobalSection(MonoDevelopProperties) = preSolution
		StartupItem = Unit_Tests\Unit_Tests.csproj
	EndGlobalSection
EndGlobal
